{
  "name": "@cognis-digital/startboard",
  "version": "1.0.0",
  "lockfileVersion": 3,
  "requires": true,
  "packages": {
    "": {
      "name": "@cognis-digital/startboard",
      "version": "1.0.0",
      "license": "LicenseRef-COCL-1.0",
      "bin": {
        "startboard": "bin/startboard.js"
      },
      "engines": {
        "node": ">=20"
      }
    }
  }
}
